
Microsoft Visual Studio Solution File, Format Version 12.00
# Visual Studio 15
VisualStudioVersion = 15.0.27703.2026
MinimumVisualStudioVersion = 10.0.40219.1
Project("{8BC9CEB8-8B4A-11D0-8D11-00A0C91BC942}") = "NetworkLibrary", "NetworkLibrary.vcxproj", "{C5557528-8713-4989-9579-099BDCCC0AA0}"
EndProject
Project("{8BC9CEB8-8B4A-11D0-8D11-00A0C91BC942}") = "TestClient", "TestClient.vcxproj", "{97609D14-4D54-4346-B14E-D3E903228755}"
EndProject
Global
	GlobalSection(SolutionConfigurationPlatforms) = preSolution
		Debug|x64 = Debug|x64
		Debug|x86 = Debug|x86
		Release|x64 = Release|x64
		Release|x86 = Release|x86
	EndGlobalSection
	GlobalSection(ProjectConfigurationPlatforms) = postSolution
		{C5557528-8713-4989-9579-099BDCCC0AA0}.Debug|x64.ActiveCfg = Debug|x64
		{C5557528-8713-4989-9579-099BDCCC0AA0}.Debug|x64.Build.0 = Debug|x64
		{C5557528-8713-4989-9579-099BDCCC0AA0}.Debug|x86.ActiveCfg = Debug|Win32
		{C5557528-8713-4989-9579-099BDCCC0AA0}.Debug|x86.Build.0 = Debug|Win32
		{C5557528-8713-4989-9579-099BDCCC0AA0}.Release|x64.ActiveCfg = Release|x64
		{C5557528-8713-4989-9579-099BDCCC0AA0}.Release|x64.Build.0 = Release|x64
		{C5557528-8713-4989-9579-099BDCCC0AA0}.Release|x86.ActiveCfg = Release|Win32
		{C5557528-8713-4989-9579-099BDCCC0AA0}.Release|x86.Build.0 = Release|Win32
		{97609D14-4D54-4346-B14E-D3E903228755}.Debug|x64.ActiveCfg = Debug|x64
		{97609D14-4D54-4346-B14E-D3E903228755}.Debug|x64.Build.0 = Debug|x64
		{97609D14-4D54-4346-B14E-D3E903228755}.Debug|x86.ActiveCfg = Debug|Win32
		{97609D14-4D54-4346-B14E-D3E903228755}.Debug|x86.Build.0 = Debug|Win32
		{97609D14-4D54-4346-B14E-D3E903228755}.Release|x64.ActiveCfg = Release|x64
		{97609D14-4D54-4346-B14E-D3E903228755}.Release|x64.Build.0 = Release|x64
		{97609D14-4D54-4346-B14E-D3E903228755}.Release|x86.ActiveCfg = Release|Win32
		{97609D14-4D54-4346-B14E-D3E903228755}.Release|x86.Build.0 = Release|Win32
	EndGlobalSection
	GlobalSection(SolutionProperties) = preSolution
		HideSolutionNode = FALSE
	EndGlobalSection
	GlobalSection(ExtensibilityGlobals) = postSolution
		SolutionGuid = {4B32FDAB-C800-4EDC-BC82-BB3E7804C40A}
	EndGlobalSection
EndGlobal
